
Microsoft Visual Studio Solution File, Format Version 12.00
# Visual Studio Version 16
VisualStudioVersion = 16.0.30503.244
MinimumVisualStudioVersion = 10.0.40219.1
Project("{FAE04EC0-301F-11D3-BF4B-00C04F79EFBC}") = "EmployeeApp", "EmployeeApp\EmployeeApp.csproj", "{9A2DFF33-9C57-4B60-AC99-248D0E0736DD}"
EndProject
Global
	GlobalSection(SolutionConfigurationPlatforms) = preSolution
		Debug|Any CPU = Debug|Any CPU
		Release|Any CPU = Release|Any CPU
	EndGlobalSection
	GlobalSection(ProjectConfigurationPlatforms) = postSolution
		{9A2DFF33-9C57-4B60-AC99-248D0E0736DD}.Debug|Any CPU.ActiveCfg = Debug|Any CPU
		{9A2DFF33-9C57-4B60-AC99-248D0E0736DD}.Debug|Any CPU.Build.0 = Debug|Any CPU
		{9A2DFF33-9C57-4B60-AC99-248D0E0736DD}.Release|Any CPU.ActiveCfg = Release|Any CPU
		{9A2DFF33-9C57-4B60-AC99-248D0E0736DD}.Release|Any CPU.Build.0 = Release|Any CPU
	EndGlobalSection
	GlobalSection(SolutionProperties) = preSolution
		HideSolutionNode = FALSE
	EndGlobalSection
	GlobalSection(ExtensibilityGlobals) = postSolution
		SolutionGuid = {0D2AE854-A6B7-4A59-A72F-6DBEB7B102D3}
	EndGlobalSection
EndGlobal
